
Microsoft Visual Studio Solution File, Format Version 12.00
# Visual Studio Version 16
VisualStudioVersion = 16.0.30804.86
MinimumVisualStudioVersion = 10.0.40219.1
Project("{9A19103F-16F7-4668-BE54-9A1E7A4F7556}") = "SkladoveKarty", "SkladoveKarty\SkladoveKarty.csproj", "{26F180BF-ACA1-48AB-800E-1FCD3D3C800F}"
EndProject
Project("{9A19103F-16F7-4668-BE54-9A1E7A4F7556}") = "SkladoveKarty.Tests", "SkladoveKarty.Tests\SkladoveKarty.Tests.csproj", "{710373DC-7D8E-4CE0-8A46-3C8DEEBFE0F2}"
EndProject
Global
	GlobalSection(SolutionConfigurationPlatforms) = preSolution
		Debug|Any CPU = Debug|Any CPU
		Release|Any CPU = Release|Any CPU
	EndGlobalSection
	GlobalSection(ProjectConfigurationPlatforms) = postSolution
		{26F180BF-ACA1-48AB-800E-1FCD3D3C800F}.Debug|Any CPU.ActiveCfg = Debug|Any CPU
		{26F180BF-ACA1-48AB-800E-1FCD3D3C800F}.Debug|Any CPU.Build.0 = Debug|Any CPU
		{26F180BF-ACA1-48AB-800E-1FCD3D3C800F}.Release|Any CPU.ActiveCfg = Release|Any CPU
		{26F180BF-ACA1-48AB-800E-1FCD3D3C800F}.Release|Any CPU.Build.0 = Release|Any CPU
		{710373DC-7D8E-4CE0-8A46-3C8DEEBFE0F2}.Debug|Any CPU.ActiveCfg = Debug|Any CPU
		{710373DC-7D8E-4CE0-8A46-3C8DEEBFE0F2}.Debug|Any CPU.Build.0 = Debug|Any CPU
		{710373DC-7D8E-4CE0-8A46-3C8DEEBFE0F2}.Release|Any CPU.ActiveCfg = Release|Any CPU
		{710373DC-7D8E-4CE0-8A46-3C8DEEBFE0F2}.Release|Any CPU.Build.0 = Release|Any CPU
	EndGlobalSection
	GlobalSection(SolutionProperties) = preSolution
		HideSolutionNode = FALSE
	EndGlobalSection
	GlobalSection(ExtensibilityGlobals) = postSolution
		SolutionGuid = {C9E04182-7DFC-467A-964F-6BFAA66DFB27}
	EndGlobalSection
EndGlobal
